
Microsoft Visual Studio Solution File, Format Version 11.00
# Visual C++ Express 2010
Project("{8BC9CEB8-8B4A-11D0-8D11-00A0C91BC942}") = "domino", "domino\domino.vcxproj", "{001FC146-C119-4466-BF74-E52B5DAABEBA}"
EndProject
Global
	GlobalSection(SolutionConfigurationPlatforms) = preSolution
		Debug|Win32 = Debug|Win32
		Release|Win32 = Release|Win32
	EndGlobalSection
	GlobalSection(ProjectConfigurationPlatforms) = postSolution
		{001FC146-C119-4466-BF74-E52B5DAABEBA}.Debug|Win32.ActiveCfg = Debug|Win32
		{001FC146-C119-4466-BF74-E52B5DAABEBA}.Debug|Win32.Build.0 = Debug|Win32
		{001FC146-C119-4466-BF74-E52B5DAABEBA}.Release|Win32.ActiveCfg = Release|Win32
		{001FC146-C119-4466-BF74-E52B5DAABEBA}.Release|Win32.Build.0 = Release|Win32
	EndGlobalSection
	GlobalSection(SolutionProperties) = preSolution
		HideSolutionNode = FALSE
	EndGlobalSection
EndGlobal
